
Microsoft Visual Studio Solution File, Format Version 12.00
# Visual Studio 15
VisualStudioVersion = 15.0.28307.1738
MinimumVisualStudioVersion = 10.0.40219.1
Project("{9A19103F-16F7-4668-BE54-9A1E7A4F7556}") = "HW_201", "HomeWork20\HW_201.csproj", "{47C2B9DF-0845-44E6-93F5-DBE409537581}"
EndProject
Global
	GlobalSection(SolutionConfigurationPlatforms) = preSolution
		Debug|Any CPU = Debug|Any CPU
		Release|Any CPU = Release|Any CPU
	EndGlobalSection
	GlobalSection(ProjectConfigurationPlatforms) = postSolution
		{47C2B9DF-0845-44E6-93F5-DBE409537581}.Debug|Any CPU.ActiveCfg = Debug|Any CPU
		{47C2B9DF-0845-44E6-93F5-DBE409537581}.Debug|Any CPU.Build.0 = Debug|Any CPU
		{47C2B9DF-0845-44E6-93F5-DBE409537581}.Release|Any CPU.ActiveCfg = Release|Any CPU
		{47C2B9DF-0845-44E6-93F5-DBE409537581}.Release|Any CPU.Build.0 = Release|Any CPU
	EndGlobalSection
	GlobalSection(SolutionProperties) = preSolution
		HideSolutionNode = FALSE
	EndGlobalSection
	GlobalSection(ExtensibilityGlobals) = postSolution
		SolutionGuid = {F74309E6-921B-4CE1-87DE-F77EA6BB50A5}
	EndGlobalSection
EndGlobal
